
Microsoft Visual Studio Solution File, Format Version 12.00
# Visual Studio Version 16
VisualStudioVersion = 16.0.30621.155
MinimumVisualStudioVersion = 10.0.40219.1
Project("{FAE04EC0-301F-11D3-BF4B-00C04F79EFBC}") = "RobotEurobot2Roues", "RobotEurobot2Roues.csproj", "{789EF299-56A4-4A3B-A89E-D759FA172B5E}"
EndProject
Project("{FAE04EC0-301F-11D3-BF4B-00C04F79EFBC}") = "EventArgsLibrary", "..\EventArgsLibrary\EventArgsLibrary.csproj", "{9C46A7C0-4675-41BE-B282-E6F0825AD73E}"
EndProject
Project("{FAE04EC0-301F-11D3-BF4B-00C04F79EFBC}") = "Constants", "..\Constants\Constants.csproj", "{0540B497-B2CE-40A1-84B5-3109CE2F3146}"
EndProject
Project("{FAE04EC0-301F-11D3-BF4B-00C04F79EFBC}") = "MessageDecoder", "..\MessageDecoder\MessageDecoder.csproj", "{4603885F-CC5E-43E5-A4AF-063030CB0A32}"
EndProject
Project("{FAE04EC0-301F-11D3-BF4B-00C04F79EFBC}") = "MessageEncoder", "..\MessageEncoder\MessageEncoder.csproj", "{EFAFBA95-1787-41A9-8F12-14ECD9FE127A}"
EndProject
Project("{FAE04EC0-301F-11D3-BF4B-00C04F79EFBC}") = "MessageGenerator", "..\MessageGenerator\MessageGenerator.csproj", "{A31F4A19-F674-4776-B597-E92BA3E5061E}"
EndProject
Project("{FAE04EC0-301F-11D3-BF4B-00C04F79EFBC}") = "MessageProcessor", "..\MessageProcessor\MessageProcessor.csproj", "{AD4884AD-631B-42E4-B6BB-F86B16BD6A68}"
EndProject
Project("{FAE04EC0-301F-11D3-BF4B-00C04F79EFBC}") = "XboxController", "..\XboxController\XboxController.csproj", "{DD54A1C0-2926-45BF-82DE-36221845F1D7}"
EndProject
Project("{FAE04EC0-301F-11D3-BF4B-00C04F79EFBC}") = "StrategyManagerProjetEtudiant", "..\StrategyManagerProjetEtudiant\StrategyManagerProjetEtudiant.csproj", "{45B66B72-B07F-4BBD-85F5-DB8A5C438B69}"
EndProject
Project("{FAE04EC0-301F-11D3-BF4B-00C04F79EFBC}") = "WpfRobot2RouesInterface", "..\WpfRobot2RouesInterface\RobotInterface\WpfRobot2RouesInterface.csproj", "{EF0ACD78-0BFB-4AC0-9685-90C53BEE0DF1}"
EndProject
Project("{FAE04EC0-301F-11D3-BF4B-00C04F79EFBC}") = "Utilities", "..\Utilities\Utilities.csproj", "{8E7D0DA4-9A13-4B18-A90E-0243BBCCE40A}"
EndProject
Project("{FAE04EC0-301F-11D3-BF4B-00C04F79EFBC}") = "WorldMap", "..\WorldMap\WorldMap.csproj", "{B2D0126F-8C82-4EAA-87E5-67415F589098}"
EndProject
Project("{FAE04EC0-301F-11D3-BF4B-00C04F79EFBC}") = "WpfOscilloscopeControl", "..\WpfOscilloscope\WpfOscilloscopeControl.csproj", "{88BAA407-3FEA-4F4B-BB41-5309CE48884E}"
EndProject
Project("{FAE04EC0-301F-11D3-BF4B-00C04F79EFBC}") = "WpfAsservissementDisplay", "..\WpfAsservissementDisplay\WpfAsservissementDisplay.csproj", "{F0A887E9-D0A2-47E3-994A-94A0DCAE8D4F}"
EndProject
Project("{FAE04EC0-301F-11D3-BF4B-00C04F79EFBC}") = "WpfWorldMapDisplay", "..\WpfWorldMapDisplay\WpfWorldMapDisplay.csproj", "{89604641-927E-47FF-8DB6-91CF5C4976C1}"
EndProject
Project("{9A19103F-16F7-4668-BE54-9A1E7A4F7556}") = "Protocol_Security", "..\Protocol_Security\Protocol_Security.csproj", "{EAC24896-338F-439A-922B-40B11C987A91}"
EndProject
Project("{9A19103F-16F7-4668-BE54-9A1E7A4F7556}") = "ConsoleFormat", "..\ConsoleFormat\ConsoleFormat.csproj", "{093EA813-8F12-44D5-8C22-3AE1FFF8A824}"
EndProject
Project("{FAE04EC0-301F-11D3-BF4B-00C04F79EFBC}") = "LidarTIM561", "..\LidarTIM561\LidarTIM561.csproj", "{84E83C7B-C4BF-4547-835F-06743F1D1DFA}"
EndProject
Project("{FAE04EC0-301F-11D3-BF4B-00C04F79EFBC}") = "LidarProcess", "..\LidarProcess\LidarProcess.csproj", "{C3C168D3-37FC-4BB3-AB65-4701C7F2E7A5}"
EndProject
Project("{FAE04EC0-301F-11D3-BF4B-00C04F79EFBC}") = "TrajectoryPlanner", "..\TrajectoryPlanner\TrajectoryPlanner.csproj", "{90B7311A-EACE-44FE-AA3B-B4FDD13CC3D0}"
EndProject
Project("{FAE04EC0-301F-11D3-BF4B-00C04F79EFBC}") = "WpfMatchInterface", "..\WpfMatchInterface\WpfMatchInterface.csproj", "{27AF57DA-3DBB-451B-A9D9-C2015D1AA9BE}"
EndProject
Project("{FAE04EC0-301F-11D3-BF4B-00C04F79EFBC}") = "LogRecorder", "..\LogRecorder\LogRecorder.csproj", "{A6E0C194-07F2-4581-99B1-10009288E309}"
EndProject
Project("{FAE04EC0-301F-11D3-BF4B-00C04F79EFBC}") = "AdvancedTimers", "..\HighFreqTimer\AdvancedTimers.csproj", "{ECC907ED-F9B2-457F-901E-720987934E47}"
EndProject
Project("{FAE04EC0-301F-11D3-BF4B-00C04F79EFBC}") = "WpfLogInterface", "..\WpfLogInterface\WpfLogInterface.csproj", "{6021A9AB-90D6-4F7F-AEFD-1A0BC372B318}"
EndProject
Project("{FAE04EC0-301F-11D3-BF4B-00C04F79EFBC}") = "LogReplay", "..\LogReplay\LogReplay.csproj", "{4A227E8F-4045-4418-98A0-228C0ACC30FF}"
EndProject
Project("{FAE04EC0-301F-11D3-BF4B-00C04F79EFBC}") = "Positioning2Wheels", "..\Positioning2Wheels\Positioning2Wheels.csproj", "{DF70181A-3438-4683-9B0C-EA9BEA3B663D}"
EndProject
Project("{FAE04EC0-301F-11D3-BF4B-00C04F79EFBC}") = "WorldMapManager", "..\WorldMapManager\WorldMapManager.csproj", "{01E89552-13A5-4A24-80B2-9246700F72FD}"
EndProject
Project("{FAE04EC0-301F-11D3-BF4B-00C04F79EFBC}") = "USBDriver", "..\WinUSB\USBDriver.csproj", "{2FD3217A-7528-4B55-BE0B-005E6FDD9CA4}"
EndProject
Project("{FAE04EC0-301F-11D3-BF4B-00C04F79EFBC}") = "ObjectTrackers", "..\ObjectTrackers\ObjectTrackers.csproj", "{2C73E647-7A13-4446-A4E2-1B81FC422A1A}"
EndProject
Project("{FAE04EC0-301F-11D3-BF4B-00C04F79EFBC}") = "PositionManager", "..\PositionManager\PositionManager.csproj", "{61ABD00A-740D-43AA-B377-91DA1D0AAEA0}"
EndProject
Global
	GlobalSection(SolutionConfigurationPlatforms) = preSolution
		Debug|Any CPU = Debug|Any CPU
		Debug|x64 = Debug|x64
		Release|Any CPU = Release|Any CPU
		Release|x64 = Release|x64
	EndGlobalSection
	GlobalSection(ProjectConfigurationPlatforms) = postSolution
		{789EF299-56A4-4A3B-A89E-D759FA172B5E}.Debug|Any CPU.ActiveCfg = Debug|Any CPU
		{789EF299-56A4-4A3B-A89E-D759FA172B5E}.Debug|Any CPU.Build.0 = Debug|Any CPU
		{789EF299-56A4-4A3B-A89E-D759FA172B5E}.Debug|x64.ActiveCfg = Debug|Any CPU
		{789EF299-56A4-4A3B-A89E-D759FA172B5E}.Debug|x64.Build.0 = Debug|Any CPU
		{789EF299-56A4-4A3B-A89E-D759FA172B5E}.Release|Any CPU.ActiveCfg = Release|Any CPU
		{789EF299-56A4-4A3B-A89E-D759FA172B5E}.Release|Any CPU.Build.0 = Release|Any CPU
		{789EF299-56A4-4A3B-A89E-D759FA172B5E}.Release|x64.ActiveCfg = Release|Any CPU
		{789EF299-56A4-4A3B-A89E-D759FA172B5E}.Release|x64.Build.0 = Release|Any CPU
		{9C46A7C0-4675-41BE-B282-E6F0825AD73E}.Debug|Any CPU.ActiveCfg = Debug|Any CPU
		{9C46A7C0-4675-41BE-B282-E6F0825AD73E}.Debug|Any CPU.Build.0 = Debug|Any CPU
		{9C46A7C0-4675-41BE-B282-E6F0825AD73E}.Debug|x64.ActiveCfg = Debug|x64
		{9C46A7C0-4675-41BE-B282-E6F0825AD73E}.Debug|x64.Build.0 = Debug|x64
		{9C46A7C0-4675-41BE-B282-E6F0825AD73E}.Release|Any CPU.ActiveCfg = Release|Any CPU
		{9C46A7C0-4675-41BE-B282-E6F0825AD73E}.Release|Any CPU.Build.0 = Release|Any CPU
		{9C46A7C0-4675-41BE-B282-E6F0825AD73E}.Release|x64.ActiveCfg = Release|x64
		{9C46A7C0-4675-41BE-B282-E6F0825AD73E}.Release|x64.Build.0 = Release|x64
		{0540B497-B2CE-40A1-84B5-3109CE2F3146}.Debug|Any CPU.ActiveCfg = Debug|Any CPU
		{0540B497-B2CE-40A1-84B5-3109CE2F3146}.Debug|Any CPU.Build.0 = Debug|Any CPU
		{0540B497-B2CE-40A1-84B5-3109CE2F3146}.Debug|x64.ActiveCfg = Debug|x64
		{0540B497-B2CE-40A1-84B5-3109CE2F3146}.Debug|x64.Build.0 = Debug|x64
		{0540B497-B2CE-40A1-84B5-3109CE2F3146}.Release|Any CPU.ActiveCfg = Release|Any CPU
		{0540B497-B2CE-40A1-84B5-3109CE2F3146}.Release|Any CPU.Build.0 = Release|Any CPU
		{0540B497-B2CE-40A1-84B5-3109CE2F3146}.Release|x64.ActiveCfg = Release|x64
		{0540B497-B2CE-40A1-84B5-3109CE2F3146}.Release|x64.Build.0 = Release|x64
		{4603885F-CC5E-43E5-A4AF-063030CB0A32}.Debug|Any CPU.ActiveCfg = Debug|Any CPU
		{4603885F-CC5E-43E5-A4AF-063030CB0A32}.Debug|Any CPU.Build.0 = Debug|Any CPU
		{4603885F-CC5E-43E5-A4AF-063030CB0A32}.Debug|x64.ActiveCfg = Debug|x64
		{4603885F-CC5E-43E5-A4AF-063030CB0A32}.Debug|x64.Build.0 = Debug|x64
		{4603885F-CC5E-43E5-A4AF-063030CB0A32}.Release|Any CPU.ActiveCfg = Release|Any CPU
		{4603885F-CC5E-43E5-A4AF-063030CB0A32}.Release|Any CPU.Build.0 = Release|Any CPU
		{4603885F-CC5E-43E5-A4AF-063030CB0A32}.Release|x64.ActiveCfg = Release|x64
		{4603885F-CC5E-43E5-A4AF-063030CB0A32}.Release|x64.Build.0 = Release|x64
		{EFAFBA95-1787-41A9-8F12-14ECD9FE127A}.Debug|Any CPU.ActiveCfg = Debug|Any CPU
		{EFAFBA95-1787-41A9-8F12-14ECD9FE127A}.Debug|Any CPU.Build.0 = Debug|Any CPU
		{EFAFBA95-1787-41A9-8F12-14ECD9FE127A}.Debug|x64.ActiveCfg = Debug|x64
		{EFAFBA95-1787-41A9-8F12-14ECD9FE127A}.Debug|x64.Build.0 = Debug|x64
		{EFAFBA95-1787-41A9-8F12-14ECD9FE127A}.Release|Any CPU.ActiveCfg = Release|Any CPU
		{EFAFBA95-1787-41A9-8F12-14ECD9FE127A}.Release|Any CPU.Build.0 = Release|Any CPU
		{EFAFBA95-1787-41A9-8F12-14ECD9FE127A}.Release|x64.ActiveCfg = Release|x64
		{EFAFBA95-1787-41A9-8F12-14ECD9FE127A}.Release|x64.Build.0 = Release|x64
		{A31F4A19-F674-4776-B597-E92BA3E5061E}.Debug|Any CPU.ActiveCfg = Debug|Any CPU
		{A31F4A19-F674-4776-B597-E92BA3E5061E}.Debug|Any CPU.Build.0 = Debug|Any CPU
		{A31F4A19-F674-4776-B597-E92BA3E5061E}.Debug|x64.ActiveCfg = Debug|x64
		{A31F4A19-F674-4776-B597-E92BA3E5061E}.Debug|x64.Build.0 = Debug|x64
		{A31F4A19-F674-4776-B597-E92BA3E5061E}.Release|Any CPU.ActiveCfg = Release|Any CPU
		{A31F4A19-F674-4776-B597-E92BA3E5061E}.Release|Any CPU.Build.0 = Release|Any CPU
		{A31F4A19-F674-4776-B597-E92BA3E5061E}.Release|x64.ActiveCfg = Release|x64
		{A31F4A19-F674-4776-B597-E92BA3E5061E}.Release|x64.Build.0 = Release|x64
		{AD4884AD-631B-42E4-B6BB-F86B16BD6A68}.Debug|Any CPU.ActiveCfg = Debug|Any CPU
		{AD4884AD-631B-42E4-B6BB-F86B16BD6A68}.Debug|Any CPU.Build.0 = Debug|Any CPU
		{AD4884AD-631B-42E4-B6BB-F86B16BD6A68}.Debug|x64.ActiveCfg = Debug|x64
		{AD4884AD-631B-42E4-B6BB-F86B16BD6A68}.Debug|x64.Build.0 = Debug|x64
		{AD4884AD-631B-42E4-B6BB-F86B16BD6A68}.Release|Any CPU.ActiveCfg = Release|Any CPU
		{AD4884AD-631B-42E4-B6BB-F86B16BD6A68}.Release|Any CPU.Build.0 = Release|Any CPU
		{AD4884AD-631B-42E4-B6BB-F86B16BD6A68}.Release|x64.ActiveCfg = Release|x64
		{AD4884AD-631B-42E4-B6BB-F86B16BD6A68}.Release|x64.Build.0 = Release|x64
		{DD54A1C0-2926-45BF-82DE-36221845F1D7}.Debug|Any CPU.ActiveCfg = Debug|Any CPU
		{DD54A1C0-2926-45BF-82DE-36221845F1D7}.Debug|Any CPU.Build.0 = Debug|Any CPU
		{DD54A1C0-2926-45BF-82DE-36221845F1D7}.Debug|x64.ActiveCfg = Debug|x64
		{DD54A1C0-2926-45BF-82DE-36221845F1D7}.Debug|x64.Build.0 = Debug|x64
		{DD54A1C0-2926-45BF-82DE-36221845F1D7}.Release|Any CPU.ActiveCfg = Release|Any CPU
		{DD54A1C0-2926-45BF-82DE-36221845F1D7}.Release|Any CPU.Build.0 = Release|Any CPU
		{DD54A1C0-2926-45BF-82DE-36221845F1D7}.Release|x64.ActiveCfg = Release|x64
		{DD54A1C0-2926-45BF-82DE-36221845F1D7}.Release|x64.Build.0 = Release|x64
		{45B66B72-B07F-4BBD-85F5-DB8A5C438B69}.Debug|Any CPU.ActiveCfg = Debug|Any CPU
		{45B66B72-B07F-4BBD-85F5-DB8A5C438B69}.Debug|Any CPU.Build.0 = Debug|Any CPU
		{45B66B72-B07F-4BBD-85F5-DB8A5C438B69}.Debug|x64.ActiveCfg = Debug|x64
		{45B66B72-B07F-4BBD-85F5-DB8A5C438B69}.Debug|x64.Build.0 = Debug|x64
		{45B66B72-B07F-4BBD-85F5-DB8A5C438B69}.Release|Any CPU.ActiveCfg = Release|Any CPU
		{45B66B72-B07F-4BBD-85F5-DB8A5C438B69}.Release|Any CPU.Build.0 = Release|Any CPU
		{45B66B72-B07F-4BBD-85F5-DB8A5C438B69}.Release|x64.ActiveCfg = Release|x64
		{45B66B72-B07F-4BBD-85F5-DB8A5C438B69}.Release|x64.Build.0 = Release|x64
		{EF0ACD78-0BFB-4AC0-9685-90C53BEE0DF1}.Debug|Any CPU.ActiveCfg = Debug|Any CPU
		{EF0ACD78-0BFB-4AC0-9685-90C53BEE0DF1}.Debug|Any CPU.Build.0 = Debug|Any CPU
		{EF0ACD78-0BFB-4AC0-9685-90C53BEE0DF1}.Debug|x64.ActiveCfg = Debug|x64
		{EF0ACD78-0BFB-4AC0-9685-90C53BEE0DF1}.Debug|x64.Build.0 = Debug|x64
		{EF0ACD78-0BFB-4AC0-9685-90C53BEE0DF1}.Release|Any CPU.ActiveCfg = Release|Any CPU
		{EF0ACD78-0BFB-4AC0-9685-90C53BEE0DF1}.Release|Any CPU.Build.0 = Release|Any CPU
		{EF0ACD78-0BFB-4AC0-9685-90C53BEE0DF1}.Release|x64.ActiveCfg = Release|x64
		{EF0ACD78-0BFB-4AC0-9685-90C53BEE0DF1}.Release|x64.Build.0 = Release|x64
		{8E7D0DA4-9A13-4B18-A90E-0243BBCCE40A}.Debug|Any CPU.ActiveCfg = Debug|Any CPU
		{8E7D0DA4-9A13-4B18-A90E-0243BBCCE40A}.Debug|Any CPU.Build.0 = Debug|Any CPU
		{8E7D0DA4-9A13-4B18-A90E-0243BBCCE40A}.Debug|x64.ActiveCfg = Debug|x64
		{8E7D0DA4-9A13-4B18-A90E-0243BBCCE40A}.Debug|x64.Build.0 = Debug|x64
		{8E7D0DA4-9A13-4B18-A90E-0243BBCCE40A}.Release|Any CPU.ActiveCfg = Release|Any CPU
		{8E7D0DA4-9A13-4B18-A90E-0243BBCCE40A}.Release|Any CPU.Build.0 = Release|Any CPU
		{8E7D0DA4-9A13-4B18-A90E-0243BBCCE40A}.Release|x64.ActiveCfg = Release|x64
		{8E7D0DA4-9A13-4B18-A90E-0243BBCCE40A}.Release|x64.Build.0 = Release|x64
		{B2D0126F-8C82-4EAA-87E5-67415F589098}.Debug|Any CPU.ActiveCfg = Debug|Any CPU
		{B2D0126F-8C82-4EAA-87E5-67415F589098}.Debug|Any CPU.Build.0 = Debug|Any CPU
		{B2D0126F-8C82-4EAA-87E5-67415F589098}.Debug|x64.ActiveCfg = Debug|x64
		{B2D0126F-8C82-4EAA-87E5-67415F589098}.Debug|x64.Build.0 = Debug|x64
		{B2D0126F-8C82-4EAA-87E5-67415F589098}.Release|Any CPU.ActiveCfg = Release|Any CPU
		{B2D0126F-8C82-4EAA-87E5-67415F589098}.Release|Any CPU.Build.0 = Release|Any CPU
		{B2D0126F-8C82-4EAA-87E5-67415F589098}.Release|x64.ActiveCfg = Release|x64
		{B2D0126F-8C82-4EAA-87E5-67415F589098}.Release|x64.Build.0 = Release|x64
		{88BAA407-3FEA-4F4B-BB41-5309CE48884E}.Debug|Any CPU.ActiveCfg = Debug|Any CPU
		{88BAA407-3FEA-4F4B-BB41-5309CE48884E}.Debug|Any CPU.Build.0 = Debug|Any CPU
		{88BAA407-3FEA-4F4B-BB41-5309CE48884E}.Debug|x64.ActiveCfg = Debug|x64
		{88BAA407-3FEA-4F4B-BB41-5309CE48884E}.Debug|x64.Build.0 = Debug|x64
		{88BAA407-3FEA-4F4B-BB41-5309CE48884E}.Release|Any CPU.ActiveCfg = Release|Any CPU
		{88BAA407-3FEA-4F4B-BB41-5309CE48884E}.Release|Any CPU.Build.0 = Release|Any CPU
		{88BAA407-3FEA-4F4B-BB41-5309CE48884E}.Release|x64.ActiveCfg = Release|x64
		{88BAA407-3FEA-4F4B-BB41-5309CE48884E}.Release|x64.Build.0 = Release|x64
		{F0A887E9-D0A2-47E3-994A-94A0DCAE8D4F}.Debug|Any CPU.ActiveCfg = Debug|Any CPU
		{F0A887E9-D0A2-47E3-994A-94A0DCAE8D4F}.Debug|Any CPU.Build.0 = Debug|Any CPU
		{F0A887E9-D0A2-47E3-994A-94A0DCAE8D4F}.Debug|x64.ActiveCfg = Debug|Any CPU
		{F0A887E9-D0A2-47E3-994A-94A0DCAE8D4F}.Debug|x64.Build.0 = Debug|Any CPU
		{F0A887E9-D0A2-47E3-994A-94A0DCAE8D4F}.Release|Any CPU.ActiveCfg = Release|Any CPU
		{F0A887E9-D0A2-47E3-994A-94A0DCAE8D4F}.Release|Any CPU.Build.0 = Release|Any CPU
		{F0A887E9-D0A2-47E3-994A-94A0DCAE8D4F}.Release|x64.ActiveCfg = Release|Any CPU
		{F0A887E9-D0A2-47E3-994A-94A0DCAE8D4F}.Release|x64.Build.0 = Release|Any CPU
		{89604641-927E-47FF-8DB6-91CF5C4976C1}.Debug|Any CPU.ActiveCfg = Debug|Any CPU
		{89604641-927E-47FF-8DB6-91CF5C4976C1}.Debug|Any CPU.Build.0 = Debug|Any CPU
		{89604641-927E-47FF-8DB6-91CF5C4976C1}.Debug|x64.ActiveCfg = Debug|x64
		{89604641-927E-47FF-8DB6-91CF5C4976C1}.Debug|x64.Build.0 = Debug|x64
		{89604641-927E-47FF-8DB6-91CF5C4976C1}.Release|Any CPU.ActiveCfg = Release|Any CPU
		{89604641-927E-47FF-8DB6-91CF5C4976C1}.Release|Any CPU.Build.0 = Release|Any CPU
		{89604641-927E-47FF-8DB6-91CF5C4976C1}.Release|x64.ActiveCfg = Release|x64
		{89604641-927E-47FF-8DB6-91CF5C4976C1}.Release|x64.Build.0 = Release|x64
		{EAC24896-338F-439A-922B-40B11C987A91}.Debug|Any CPU.ActiveCfg = Debug|Any CPU
		{EAC24896-338F-439A-922B-40B11C987A91}.Debug|Any CPU.Build.0 = Debug|Any CPU
		{EAC24896-338F-439A-922B-40B11C987A91}.Debug|x64.ActiveCfg = Debug|Any CPU
		{EAC24896-338F-439A-922B-40B11C987A91}.Debug|x64.Build.0 = Debug|Any CPU
		{EAC24896-338F-439A-922B-40B11C987A91}.Release|Any CPU.ActiveCfg = Release|Any CPU
		{EAC24896-338F-439A-922B-40B11C987A91}.Release|Any CPU.Build.0 = Release|Any CPU
		{EAC24896-338F-439A-922B-40B11C987A91}.Release|x64.ActiveCfg = Release|Any CPU
		{EAC24896-338F-439A-922B-40B11C987A91}.Release|x64.Build.0 = Release|Any CPU
		{093EA813-8F12-44D5-8C22-3AE1FFF8A824}.Debug|Any CPU.ActiveCfg = Debug|Any CPU
		{093EA813-8F12-44D5-8C22-3AE1FFF8A824}.Debug|Any CPU.Build.0 = Debug|Any CPU
		{093EA813-8F12-44D5-8C22-3AE1FFF8A824}.Debug|x64.ActiveCfg = Debug|Any CPU
		{093EA813-8F12-44D5-8C22-3AE1FFF8A824}.Debug|x64.Build.0 = Debug|Any CPU
		{093EA813-8F12-44D5-8C22-3AE1FFF8A824}.Release|Any CPU.ActiveCfg = Release|Any CPU
		{093EA813-8F12-44D5-8C22-3AE1FFF8A824}.Release|Any CPU.Build.0 = Release|Any CPU
		{093EA813-8F12-44D5-8C22-3AE1FFF8A824}.Release|x64.ActiveCfg = Release|Any CPU
		{093EA813-8F12-44D5-8C22-3AE1FFF8A824}.Release|x64.Build.0 = Release|Any CPU
		{84E83C7B-C4BF-4547-835F-06743F1D1DFA}.Debug|Any CPU.ActiveCfg = Debug|Any CPU
		{84E83C7B-C4BF-4547-835F-06743F1D1DFA}.Debug|Any CPU.Build.0 = Debug|Any CPU
		{84E83C7B-C4BF-4547-835F-06743F1D1DFA}.Debug|x64.ActiveCfg = Debug|Any CPU
		{84E83C7B-C4BF-4547-835F-06743F1D1DFA}.Debug|x64.Build.0 = Debug|Any CPU
		{84E83C7B-C4BF-4547-835F-06743F1D1DFA}.Release|Any CPU.ActiveCfg = Release|Any CPU
		{84E83C7B-C4BF-4547-835F-06743F1D1DFA}.Release|Any CPU.Build.0 = Release|Any CPU
		{84E83C7B-C4BF-4547-835F-06743F1D1DFA}.Release|x64.ActiveCfg = Release|Any CPU
		{84E83C7B-C4BF-4547-835F-06743F1D1DFA}.Release|x64.Build.0 = Release|Any CPU
		{C3C168D3-37FC-4BB3-AB65-4701C7F2E7A5}.Debug|Any CPU.ActiveCfg = Debug|Any CPU
		{C3C168D3-37FC-4BB3-AB65-4701C7F2E7A5}.Debug|Any CPU.Build.0 = Debug|Any CPU
		{C3C168D3-37FC-4BB3-AB65-4701C7F2E7A5}.Debug|x64.ActiveCfg = Debug|Any CPU
		{C3C168D3-37FC-4BB3-AB65-4701C7F2E7A5}.Debug|x64.Build.0 = Debug|Any CPU
		{C3C168D3-37FC-4BB3-AB65-4701C7F2E7A5}.Release|Any CPU.ActiveCfg = Release|Any CPU
		{C3C168D3-37FC-4BB3-AB65-4701C7F2E7A5}.Release|Any CPU.Build.0 = Release|Any CPU
		{C3C168D3-37FC-4BB3-AB65-4701C7F2E7A5}.Release|x64.ActiveCfg = Release|Any CPU
		{C3C168D3-37FC-4BB3-AB65-4701C7F2E7A5}.Release|x64.Build.0 = Release|Any CPU
		{90B7311A-EACE-44FE-AA3B-B4FDD13CC3D0}.Debug|Any CPU.ActiveCfg = Debug|Any CPU
		{90B7311A-EACE-44FE-AA3B-B4FDD13CC3D0}.Debug|Any CPU.Build.0 = Debug|Any CPU
		{90B7311A-EACE-44FE-AA3B-B4FDD13CC3D0}.Debug|x64.ActiveCfg = Debug|Any CPU
		{90B7311A-EACE-44FE-AA3B-B4FDD13CC3D0}.Debug|x64.Build.0 = Debug|Any CPU
		{90B7311A-EACE-44FE-AA3B-B4FDD13CC3D0}.Release|Any CPU.ActiveCfg = Release|Any CPU
		{90B7311A-EACE-44FE-AA3B-B4FDD13CC3D0}.Release|Any CPU.Build.0 = Release|Any CPU
		{90B7311A-EACE-44FE-AA3B-B4FDD13CC3D0}.Release|x64.ActiveCfg = Release|Any CPU
		{90B7311A-EACE-44FE-AA3B-B4FDD13CC3D0}.Release|x64.Build.0 = Release|Any CPU
		{27AF57DA-3DBB-451B-A9D9-C2015D1AA9BE}.Debug|Any CPU.ActiveCfg = Debug|Any CPU
		{27AF57DA-3DBB-451B-A9D9-C2015D1AA9BE}.Debug|Any CPU.Build.0 = Debug|Any CPU
		{27AF57DA-3DBB-451B-A9D9-C2015D1AA9BE}.Debug|x64.ActiveCfg = Debug|Any CPU
		{27AF57DA-3DBB-451B-A9D9-C2015D1AA9BE}.Debug|x64.Build.0 = Debug|Any CPU
		{27AF57DA-3DBB-451B-A9D9-C2015D1AA9BE}.Release|Any CPU.ActiveCfg = Release|Any CPU
		{27AF57DA-3DBB-451B-A9D9-C2015D1AA9BE}.Release|Any CPU.Build.0 = Release|Any CPU
		{27AF57DA-3DBB-451B-A9D9-C2015D1AA9BE}.Release|x64.ActiveCfg = Release|Any CPU
		{27AF57DA-3DBB-451B-A9D9-C2015D1AA9BE}.Release|x64.Build.0 = Release|Any CPU
		{A6E0C194-07F2-4581-99B1-10009288E309}.Debug|Any CPU.ActiveCfg = Debug|Any CPU
		{A6E0C194-07F2-4581-99B1-10009288E309}.Debug|Any CPU.Build.0 = Debug|Any CPU
		{A6E0C194-07F2-4581-99B1-10009288E309}.Debug|x64.ActiveCfg = Debug|Any CPU
		{A6E0C194-07F2-4581-99B1-10009288E309}.Debug|x64.Build.0 = Debug|Any CPU
		{A6E0C194-07F2-4581-99B1-10009288E309}.Release|Any CPU.ActiveCfg = Release|Any CPU
		{A6E0C194-07F2-4581-99B1-10009288E309}.Release|Any CPU.Build.0 = Release|Any CPU
		{A6E0C194-07F2-4581-99B1-10009288E309}.Release|x64.ActiveCfg = Release|Any CPU
		{A6E0C194-07F2-4581-99B1-10009288E309}.Release|x64.Build.0 = Release|Any CPU
		{ECC907ED-F9B2-457F-901E-720987934E47}.Debug|Any CPU.ActiveCfg = Debug|Any CPU
		{ECC907ED-F9B2-457F-901E-720987934E47}.Debug|Any CPU.Build.0 = Debug|Any CPU
		{ECC907ED-F9B2-457F-901E-720987934E47}.Debug|x64.ActiveCfg = Debug|x64
		{ECC907ED-F9B2-457F-901E-720987934E47}.Debug|x64.Build.0 = Debug|x64
		{ECC907ED-F9B2-457F-901E-720987934E47}.Release|Any CPU.ActiveCfg = Release|Any CPU
		{ECC907ED-F9B2-457F-901E-720987934E47}.Release|Any CPU.Build.0 = Release|Any CPU
		{ECC907ED-F9B2-457F-901E-720987934E47}.Release|x64.ActiveCfg = Release|x64
		{ECC907ED-F9B2-457F-901E-720987934E47}.Release|x64.Build.0 = Release|x64
		{6021A9AB-90D6-4F7F-AEFD-1A0BC372B318}.Debug|Any CPU.ActiveCfg = Debug|Any CPU
		{6021A9AB-90D6-4F7F-AEFD-1A0BC372B318}.Debug|Any CPU.Build.0 = Debug|Any CPU
		{6021A9AB-90D6-4F7F-AEFD-1A0BC372B318}.Debug|x64.ActiveCfg = Debug|Any CPU
		{6021A9AB-90D6-4F7F-AEFD-1A0BC372B318}.Debug|x64.Build.0 = Debug|Any CPU
		{6021A9AB-90D6-4F7F-AEFD-1A0BC372B318}.Release|Any CPU.ActiveCfg = Release|Any CPU
		{6021A9AB-90D6-4F7F-AEFD-1A0BC372B318}.Release|Any CPU.Build.0 = Release|Any CPU
		{6021A9AB-90D6-4F7F-AEFD-1A0BC372B318}.Release|x64.ActiveCfg = Release|Any CPU
		{6021A9AB-90D6-4F7F-AEFD-1A0BC372B318}.Release|x64.Build.0 = Release|Any CPU
		{4A227E8F-4045-4418-98A0-228C0ACC30FF}.Debug|Any CPU.ActiveCfg = Debug|Any CPU
		{4A227E8F-4045-4418-98A0-228C0ACC30FF}.Debug|Any CPU.Build.0 = Debug|Any CPU
		{4A227E8F-4045-4418-98A0-228C0ACC30FF}.Debug|x64.ActiveCfg = Debug|x64
		{4A227E8F-4045-4418-98A0-228C0ACC30FF}.Debug|x64.Build.0 = Debug|x64
		{4A227E8F-4045-4418-98A0-228C0ACC30FF}.Release|Any CPU.ActiveCfg = Release|Any CPU
		{4A227E8F-4045-4418-98A0-228C0ACC30FF}.Release|Any CPU.Build.0 = Release|Any CPU
		{4A227E8F-4045-4418-98A0-228C0ACC30FF}.Release|x64.ActiveCfg = Release|x64
		{4A227E8F-4045-4418-98A0-228C0ACC30FF}.Release|x64.Build.0 = Release|x64
		{DF70181A-3438-4683-9B0C-EA9BEA3B663D}.Debug|Any CPU.ActiveCfg = Debug|Any CPU
		{DF70181A-3438-4683-9B0C-EA9BEA3B663D}.Debug|Any CPU.Build.0 = Debug|Any CPU
		{DF70181A-3438-4683-9B0C-EA9BEA3B663D}.Debug|x64.ActiveCfg = Debug|Any CPU
		{DF70181A-3438-4683-9B0C-EA9BEA3B663D}.Debug|x64.Build.0 = Debug|Any CPU
		{DF70181A-3438-4683-9B0C-EA9BEA3B663D}.Release|Any CPU.ActiveCfg = Release|Any CPU
		{DF70181A-3438-4683-9B0C-EA9BEA3B663D}.Release|Any CPU.Build.0 = Release|Any CPU
		{DF70181A-3438-4683-9B0C-EA9BEA3B663D}.Release|x64.ActiveCfg = Release|Any CPU
		{DF70181A-3438-4683-9B0C-EA9BEA3B663D}.Release|x64.Build.0 = Release|Any CPU
		{01E89552-13A5-4A24-80B2-9246700F72FD}.Debug|Any CPU.ActiveCfg = Debug|Any CPU
		{01E89552-13A5-4A24-80B2-9246700F72FD}.Debug|Any CPU.Build.0 = Debug|Any CPU
		{01E89552-13A5-4A24-80B2-9246700F72FD}.Debug|x64.ActiveCfg = Debug|x64
		{01E89552-13A5-4A24-80B2-9246700F72FD}.Debug|x64.Build.0 = Debug|x64
		{01E89552-13A5-4A24-80B2-9246700F72FD}.Release|Any CPU.ActiveCfg = Release|Any CPU
		{01E89552-13A5-4A24-80B2-9246700F72FD}.Release|Any CPU.Build.0 = Release|Any CPU
		{01E89552-13A5-4A24-80B2-9246700F72FD}.Release|x64.ActiveCfg = Release|x64
		{01E89552-13A5-4A24-80B2-9246700F72FD}.Release|x64.Build.0 = Release|x64
		{2FD3217A-7528-4B55-BE0B-005E6FDD9CA4}.Debug|Any CPU.ActiveCfg = Debug|Any CPU
		{2FD3217A-7528-4B55-BE0B-005E6FDD9CA4}.Debug|Any CPU.Build.0 = Debug|Any CPU
		{2FD3217A-7528-4B55-BE0B-005E6FDD9CA4}.Debug|x64.ActiveCfg = Debug|Any CPU
		{2FD3217A-7528-4B55-BE0B-005E6FDD9CA4}.Debug|x64.Build.0 = Debug|Any CPU
		{2FD3217A-7528-4B55-BE0B-005E6FDD9CA4}.Release|Any CPU.ActiveCfg = Release|Any CPU
		{2FD3217A-7528-4B55-BE0B-005E6FDD9CA4}.Release|Any CPU.Build.0 = Release|Any CPU
		{2FD3217A-7528-4B55-BE0B-005E6FDD9CA4}.Release|x64.ActiveCfg = Release|Any CPU
		{2FD3217A-7528-4B55-BE0B-005E6FDD9CA4}.Release|x64.Build.0 = Release|Any CPU
		{2C73E647-7A13-4446-A4E2-1B81FC422A1A}.Debug|Any CPU.ActiveCfg = Debug|Any CPU
		{2C73E647-7A13-4446-A4E2-1B81FC422A1A}.Debug|Any CPU.Build.0 = Debug|Any CPU
		{2C73E647-7A13-4446-A4E2-1B81FC422A1A}.Debug|x64.ActiveCfg = Debug|Any CPU
		{2C73E647-7A13-4446-A4E2-1B81FC422A1A}.Debug|x64.Build.0 = Debug|Any CPU
		{2C73E647-7A13-4446-A4E2-1B81FC422A1A}.Release|Any CPU.ActiveCfg = Release|Any CPU
		{2C73E647-7A13-4446-A4E2-1B81FC422A1A}.Release|Any CPU.Build.0 = Release|Any CPU
		{2C73E647-7A13-4446-A4E2-1B81FC422A1A}.Release|x64.ActiveCfg = Release|Any CPU
		{2C73E647-7A13-4446-A4E2-1B81FC422A1A}.Release|x64.Build.0 = Release|Any CPU
		{61ABD00A-740D-43AA-B377-91DA1D0AAEA0}.Debug|Any CPU.ActiveCfg = Debug|Any CPU
		{61ABD00A-740D-43AA-B377-91DA1D0AAEA0}.Debug|Any CPU.Build.0 = Debug|Any CPU
		{61ABD00A-740D-43AA-B377-91DA1D0AAEA0}.Debug|x64.ActiveCfg = Debug|Any CPU
		{61ABD00A-740D-43AA-B377-91DA1D0AAEA0}.Debug|x64.Build.0 = Debug|Any CPU
		{61ABD00A-740D-43AA-B377-91DA1D0AAEA0}.Release|Any CPU.ActiveCfg = Release|Any CPU
		{61ABD00A-740D-43AA-B377-91DA1D0AAEA0}.Release|Any CPU.Build.0 = Release|Any CPU
		{61ABD00A-740D-43AA-B377-91DA1D0AAEA0}.Release|x64.ActiveCfg = Release|Any CPU
		{61ABD00A-740D-43AA-B377-91DA1D0AAEA0}.Release|x64.Build.0 = Release|Any CPU
	EndGlobalSection
	GlobalSection(SolutionProperties) = preSolution
		HideSolutionNode = FALSE
	EndGlobalSection
	GlobalSection(ExtensibilityGlobals) = postSolution
		SolutionGuid = {BA91CCD6-F3CB-4595-BA2A-CA14CB1E69F4}
	EndGlobalSection
EndGlobal
